
Microsoft Visual Studio Solution File, Format Version 12.00
# Visual Studio Version 17
VisualStudioVersion = 17.3.32901.215
MinimumVisualStudioVersion = 10.0.40219.1
Project("{FAE04EC0-301F-11D3-BF4B-00C04F79EFBC}") = "FootballLeague", "FootballLeague.csproj", "{00F2F815-37FA-4F23-BB8F-091607E57F1D}"
EndProject
Global
	GlobalSection(SolutionConfigurationPlatforms) = preSolution
		Debug|Any CPU = Debug|Any CPU
		Release|Any CPU = Release|Any CPU
	EndGlobalSection
	GlobalSection(ProjectConfigurationPlatforms) = postSolution
		{00F2F815-37FA-4F23-BB8F-091607E57F1D}.Debug|Any CPU.ActiveCfg = Debug|Any CPU
		{00F2F815-37FA-4F23-BB8F-091607E57F1D}.Debug|Any CPU.Build.0 = Debug|Any CPU
		{00F2F815-37FA-4F23-BB8F-091607E57F1D}.Release|Any CPU.ActiveCfg = Release|Any CPU
		{00F2F815-37FA-4F23-BB8F-091607E57F1D}.Release|Any CPU.Build.0 = Release|Any CPU
	EndGlobalSection
	GlobalSection(SolutionProperties) = preSolution
		HideSolutionNode = FALSE
	EndGlobalSection
	GlobalSection(ExtensibilityGlobals) = postSolution
		SolutionGuid = {38B300E2-44B2-4E64-AA79-DF8AB7BAB51D}
	EndGlobalSection
EndGlobal
