
Microsoft Visual Studio Solution File, Format Version 12.00
# Visual Studio Version 16
VisualStudioVersion = 16.0.31019.35
MinimumVisualStudioVersion = 10.0.40219.1
Project("{FAE04EC0-301F-11D3-BF4B-00C04F79EFBC}") = "SoftUni", "SoftUni.csproj", "{536FF5A9-49D5-4D86-ACC8-5AD92DBC44D9}"
EndProject
Global
	GlobalSection(SolutionConfigurationPlatforms) = preSolution
		Debug|Any CPU = Debug|Any CPU
		Release|Any CPU = Release|Any CPU
	EndGlobalSection
	GlobalSection(ProjectConfigurationPlatforms) = postSolution
		{536FF5A9-49D5-4D86-ACC8-5AD92DBC44D9}.Debug|Any CPU.ActiveCfg = Debug|Any CPU
		{536FF5A9-49D5-4D86-ACC8-5AD92DBC44D9}.Debug|Any CPU.Build.0 = Debug|Any CPU
		{536FF5A9-49D5-4D86-ACC8-5AD92DBC44D9}.Release|Any CPU.ActiveCfg = Release|Any CPU
		{536FF5A9-49D5-4D86-ACC8-5AD92DBC44D9}.Release|Any CPU.Build.0 = Release|Any CPU
	EndGlobalSection
	GlobalSection(SolutionProperties) = preSolution
		HideSolutionNode = FALSE
	EndGlobalSection
	GlobalSection(ExtensibilityGlobals) = postSolution
		SolutionGuid = {BBE0BE95-78C3-4139-9014-D1CEF49362E5}
	EndGlobalSection
EndGlobal
